// !$*UTF8*$!
{
	archiveVersion = 1;
	classes = {
	};
	objectVersion = 50;
	objects = {

/* Begin PBXBuildFile section */
		C5DB026A26CA68A400A882AF /* AppDelegate.swift in Sources */ = {isa = PBXBuildFile; fileRef = C5DB026926CA68A400A882AF /* AppDelegate.swift */; };
		C5DB026C26CA68A400A882AF /* SceneDelegate.swift in Sources */ = {isa = PBXBuildFile; fileRef = C5DB026B26CA68A400A882AF /* SceneDelegate.swift */; };
		C5DB026E26CA68A400A882AF /* ViewController.swift in Sources */ = {isa = PBXBuildFile; fileRef = C5DB026D26CA68A400A882AF /* ViewController.swift */; };
		C5DB027126CA68A400A882AF /* Main.storyboard in Resources */ = {isa = PBXBuildFile; fileRef = C5DB026F26CA68A400A882AF /* Main.storyboard */; };
		C5DB027326CA68A500A882AF /* Assets.xcassets in Resources */ = {isa = PBXBuildFile; fileRef = C5DB027226CA68A500A882AF /* Assets.xcassets */; };
		C5DB027626CA68A500A882AF /* LaunchScreen.storyboard in Resources */ = {isa = PBXBuildFile; fileRef = C5DB027426CA68A500A882AF /* LaunchScreen.storyboard */; };
		C5DB027E26CA755400A882AF /* Question.swift in Sources */ = {isa = PBXBuildFile; fileRef = C5DB027D26CA755400A882AF /* Question.swift */; };
		C5DB028826CA77D900A882AF /* ResponseType.swift in Sources */ = {isa = PBXBuildFile; fileRef = C5DB028726CA77D900A882AF /* ResponseType.swift */; };
		C5DB028A26CA78D700A882AF /* Answer.swift in Sources */ = {isa = PBXBuildFile; fileRef = C5DB028926CA78D700A882AF /* Answer.swift */; };
		C5DB028C26CA79C800A882AF /* AnimalType.swift in Sources */ = {isa = PBXBuildFile; fileRef = C5DB028B26CA79C800A882AF /* AnimalType.swift */; };
/* End PBXBuildFile section */

/* Begin PBXFileReference section */
		C5DB026626CA68A400A882AF /* Personal Quiz.app */ = {isa = PBXFileReference; explicitFileType = wrapper.application; includeInIndex = 0; path = "Personal Quiz.app"; sourceTree = BUILT_PRODUCTS_DIR; };
		C5DB026926CA68A400A882AF /* AppDelegate.swift */ = {isa = PBXFileReference; lastKnownFileType = sourcecode.swift; path = AppDelegate.swift; sourceTree = "<group>"; };
		C5DB026B26CA68A400A882AF /* SceneDelegate.swift */ = {isa = PBXFileReference; lastKnownFileType = sourcecode.swift; path = SceneDelegate.swift; sourceTree = "<group>"; };
		C5DB026D26CA68A400A882AF /* ViewController.swift */ = {isa = PBXFileReference; lastKnownFileType = sourcecode.swift; path = ViewController.swift; sourceTree = "<group>"; };
		C5DB027026CA68A400A882AF /* Base */ = {isa = PBXFileReference; lastKnownFileType = file.storyboard; name = Base; path = Base.lproj/Main.storyboard; sourceTree = "<group>"; };
		C5DB027226CA68A500A882AF /* Assets.xcassets */ = {isa = PBXFileReference; lastKnownFileType = folder.assetcatalog; path = Assets.xcassets; sourceTree = "<group>"; };
		C5DB027526CA68A500A882AF /* Base */ = {isa = PBXFileReference; lastKnownFileType = file.storyboard; name = Base; path = Base.lproj/LaunchScreen.storyboard; sourceTree = "<group>"; };
		C5DB027726CA68A500A882AF /* Info.plist */ = {isa = PBXFileReference; lastKnownFileType = text.plist.xml; path = Info.plist; sourceTree = "<group>"; };
		C5DB027D26CA755400A882AF /* Question.swift */ = {isa = PBXFileReference; lastKnownFileType = sourcecode.swift; path = Question.swift; sourceTree = "<group>"; };
		C5DB028726CA77D900A882AF /* ResponseType.swift */ = {isa = PBXFileReference; lastKnownFileType = sourcecode.swift; path = ResponseType.swift; sourceTree = "<group>"; };
		C5DB028926CA78D700A882AF /* Answer.swift */ = {isa = PBXFileReference; lastKnownFileType = sourcecode.swift; path = Answer.swift; sourceTree = "<group>"; };
		C5DB028B26CA79C800A882AF /* AnimalType.swift */ = {isa = PBXFileReference; lastKnownFileType = sourcecode.swift; path = AnimalType.swift; sourceTree = "<group>"; };
/* End PBXFileReference section */

/* Begin PBXFrameworksBuildPhase section */
		C5DB026326CA68A400A882AF /* Frameworks */ = {
			isa = PBXFrameworksBuildPhase;
			buildActionMask = 2147483647;
			files = (
			);
			runOnlyForDeploymentPostprocessing = 0;
		};
/* End PBXFrameworksBuildPhase section */

/* Begin PBXGroup section */
		C5DB025D26CA68A400A882AF = {
			isa = PBXGroup;
			children = (
				C5DB026826CA68A400A882AF /* Personal Quiz */,
				C5DB026726CA68A400A882AF /* Products */,
			);
			sourceTree = "<group>";
		};
		C5DB026726CA68A400A882AF /* Products */ = {
			isa = PBXGroup;
			children = (
				C5DB026626CA68A400A882AF /* Personal Quiz.app */,
			);
			name = Products;
			sourceTree = "<group>";
		};
		C5DB026826CA68A400A882AF /* Personal Quiz */ = {
			isa = PBXGroup;
			children = (
				C5DB028126CA75B200A882AF /* Model */,
				C5DB028426CA75F700A882AF /* View */,
				C5DB028026CA758700A882AF /* Controller */,
				C5DB028626CA768400A882AF /* Resources */,
				C5DB028526CA762F00A882AF /* Supporting Files */,
			);
			path = "Personal Quiz";
			sourceTree = "<group>";
		};
		C5DB028026CA758700A882AF /* Controller */ = {
			isa = PBXGroup;
			children = (
				C5DB026D26CA68A400A882AF /* ViewController.swift */,
			);
			path = Controller;
			sourceTree = "<group>";
		};
		C5DB028126CA75B200A882AF /* Model */ = {
			isa = PBXGroup;
			children = (
				C5DB027D26CA755400A882AF /* Question.swift */,
				C5DB028726CA77D900A882AF /* ResponseType.swift */,
				C5DB028926CA78D700A882AF /* Answer.swift */,
				C5DB028B26CA79C800A882AF /* AnimalType.swift */,
			);
			path = Model;
			sourceTree = "<group>";
		};
		C5DB028426CA75F700A882AF /* View */ = {
			isa = PBXGroup;
			children = (
				C5DB027426CA68A500A882AF /* LaunchScreen.storyboard */,
				C5DB026F26CA68A400A882AF /* Main.storyboard */,
			);
			path = View;
			sourceTree = "<group>";
		};
		C5DB028526CA762F00A882AF /* Supporting Files */ = {
			isa = PBXGroup;
			children = (
				C5DB026B26CA68A400A882AF /* SceneDelegate.swift */,
				C5DB027726CA68A500A882AF /* Info.plist */,
				C5DB026926CA68A400A882AF /* AppDelegate.swift */,
			);
			path = "Supporting Files";
			sourceTree = "<group>";
		};
		C5DB028626CA768400A882AF /* Resources */ = {
			isa = PBXGroup;
			children = (
				C5DB027226CA68A500A882AF /* Assets.xcassets */,
			);
			path = Resources;
			sourceTree = "<group>";
		};
/* End PBXGroup section */

/* Begin PBXNativeTarget section */
		C5DB026526CA68A400A882AF /* Personal Quiz */ = {
			isa = PBXNativeTarget;
			buildConfigurationList = C5DB027A26CA68A500A882AF /* Build configuration list for PBXNativeTarget "Personal Quiz" */;
			buildPhases = (
				C5DB026226CA68A400A882AF /* Sources */,
				C5DB026326CA68A400A882AF /* Frameworks */,
				C5DB026426CA68A400A882AF /* Resources */,
			);
			buildRules = (
			);
			dependencies = (
			);
			name = "Personal Quiz";
			productName = "Personal Quiz";
			productReference = C5DB026626CA68A400A882AF /* Personal Quiz.app */;
			productType = "com.apple.product-type.application";
		};
/* End PBXNativeTarget section */

/* Begin PBXProject section */
		C5DB025E26CA68A400A882AF /* Project object */ = {
			isa = PBXProject;
			attributes = {
				LastSwiftUpdateCheck = 1250;
				LastUpgradeCheck = 1250;
				TargetAttributes = {
					C5DB026526CA68A400A882AF = {
						CreatedOnToolsVersion = 12.5.1;
					};
				};
			};
			buildConfigurationList = C5DB026126CA68A400A882AF /* Build configuration list for PBXProject "Personal Quiz" */;
			compatibilityVersion = "Xcode 9.3";
			developmentRegion = en;
			hasScannedForEncodings = 0;
			knownRegions = (
				en,
				Base,
			);
			mainGroup = C5DB025D26CA68A400A882AF;
			productRefGroup = C5DB026726CA68A400A882AF /* Products */;
			projectDirPath = "";
			projectRoot = "";
			targets = (
				C5DB026526CA68A400A882AF /* Personal Quiz */,
			);
		};
/* End PBXProject section */

/* Begin PBXResourcesBuildPhase section */
		C5DB026426CA68A400A882AF /* Resources */ = {
			isa = PBXResourcesBuildPhase;
			buildActionMask = 2147483647;
			files = (
				C5DB027626CA68A500A882AF /* LaunchScreen.storyboard in Resources */,
				C5DB027326CA68A500A882AF /* Assets.xcassets in Resources */,
				C5DB027126CA68A400A882AF /* Main.storyboard in Resources */,
			);
			runOnlyForDeploymentPostprocessing = 0;
		};
/* End PBXResourcesBuildPhase section */

/* Begin PBXSourcesBuildPhase section */
		C5DB026226CA68A400A882AF /* Sources */ = {
			isa = PBXSourcesBuildPhase;
			buildActionMask = 2147483647;
			files = (
				C5DB026E26CA68A400A882AF /* ViewController.swift in Sources */,
				C5DB027E26CA755400A882AF /* Question.swift in Sources */,
				C5DB026A26CA68A400A882AF /* AppDelegate.swift in Sources */,
				C5DB028A26CA78D700A882AF /* Answer.swift in Sources */,
				C5DB026C26CA68A400A882AF /* SceneDelegate.swift in Sources */,
				C5DB028826CA77D900A882AF /* ResponseType.swift in Sources */,
				C5DB028C26CA79C800A882AF /* AnimalType.swift in Sources */,
			);
			runOnlyForDeploymentPostprocessing = 0;
		};
/* End PBXSourcesBuildPhase section */

/* Begin PBXVariantGroup section */
		C5DB026F26CA68A400A882AF /* Main.storyboard */ = {
			isa = PBXVariantGroup;
			children = (
				C5DB027026CA68A400A882AF /* Base */,
			);
			name = Main.storyboard;
			sourceTree = "<group>";
		};
		C5DB027426CA68A500A882AF /* LaunchScreen.storyboard */ = {
			isa = PBXVariantGroup;
			children = (
				C5DB027526CA68A500A882AF /* Base */,
			);
			name = LaunchScreen.storyboard;
			sourceTree = "<group>";
		};
/* End PBXVariantGroup section */

/* Begin XCBuildConfiguration section */
		C5DB027826CA68A500A882AF /* Debug */ = {
			isa = XCBuildConfiguration;
			buildSettings = {
				ALWAYS_SEARCH_USER_PATHS = NO;
				CLANG_ANALYZER_NONNULL = YES;
				CLANG_ANALYZER_NUMBER_OBJECT_CONVERSION = YES_AGGRESSIVE;
				CLANG_CXX_LANGUAGE_STANDARD = "gnu++14";
				CLANG_CXX_LIBRARY = "libc++";
				CLANG_ENABLE_MODULES = YES;
				CLANG_ENABLE_OBJC_ARC = YES;
				CLANG_ENABLE_OBJC_WEAK = YES;
				CLANG_WARN_BLOCK_CAPTURE_AUTORELEASING = YES;
				CLANG_WARN_BOOL_CONVERSION = YES;
				CLANG_WARN_COMMA = YES;
				CLANG_WARN_CONSTANT_CONVERSION = YES;
				CLANG_WARN_DEPRECATED_OBJC_IMPLEMENTATIONS = YES;
				CLANG_WARN_DIRECT_OBJC_ISA_USAGE = YES_ERROR;
				CLANG_WARN_DOCUMENTATION_COMMENTS = YES;
				CLANG_WARN_EMPTY_BODY = YES;
				CLANG_WARN_ENUM_CONVERSION = YES;
				CLANG_WARN_INFINITE_RECURSION = YES;
				CLANG_WARN_INT_CONVERSION = YES;
				CLANG_WARN_NON_LITERAL_NULL_CONVERSION = YES;
				CLANG_WARN_OBJC_IMPLICIT_RETAIN_SELF = YES;
				CLANG_WARN_OBJC_LITERAL_CONVERSION = YES;
				CLANG_WARN_OBJC_ROOT_CLASS = YES_ERROR;
				CLANG_WARN_QUOTED_INCLUDE_IN_FRAMEWORK_HEADER = YES;
				CLANG_WARN_RANGE_LOOP_ANALYSIS = YES;
				CLANG_WARN_STRICT_PROTOTYPES = YES;
				CLANG_WARN_SUSPICIOUS_MOVE = YES;
				CLANG_WARN_UNGUARDED_AVAILABILITY = YES_AGGRESSIVE;
				CLANG_WARN_UNREACHABLE_CODE = YES;
				CLANG_WARN__DUPLICATE_METHOD_MATCH = YES;
				COPY_PHASE_STRIP = NO;
				DEBUG_INFORMATION_FORMAT = dwarf;
				ENABLE_STRICT_OBJC_MSGSEND = YES;
				ENABLE_TESTABILITY = YES;
				GCC_C_LANGUAGE_STANDARD = gnu11;
				GCC_DYNAMIC_NO_PIC = NO;
				GCC_NO_COMMON_BLOCKS = YES;
				GCC_OPTIMIZATION_LEVEL = 0;
				GCC_PREPROCESSOR_DEFINITIONS = (
					"DEBUG=1",
					"$(inherited)",
				);
				GCC_WARN_64_TO_32_BIT_CONVERSION = YES;
				GCC_WARN_ABOUT_RETURN_TYPE = YES_ERROR;
				GCC_WARN_UNDECLARED_SELECTOR = YES;
				GCC_WARN_UNINITIALIZED_AUTOS = YES_AGGRESSIVE;
				GCC_WARN_UNUSED_FUNCTION = YES;
				GCC_WARN_UNUSED_VARIABLE = YES;
				IPHONEOS_DEPLOYMENT_TARGET = 14.5;
				MTL_ENABLE_DEBUG_INFO = INCLUDE_SOURCE;
				MTL_FAST_MATH = YES;
				ONLY_ACTIVE_ARCH = YES;
				SDKROOT = iphoneos;
				SWIFT_ACTIVE_COMPILATION_CONDITIONS = DEBUG;
				SWIFT_OPTIMIZATION_LEVEL = "-Onone";
			};
			name = Debug;
		};
		C5DB027926CA68A500A882AF /* Release */ = {
			isa = XCBuildConfiguration;
			buildSettings = {
				ALWAYS_SEARCH_USER_PATHS = NO;
				CLANG_ANALYZER_NONNULL = YES;
				CLANG_ANALYZER_NUMBER_OBJECT_CONVERSION = YES_AGGRESSIVE;
				CLANG_CXX_LANGUAGE_STANDARD = "gnu++14";
				CLANG_CXX_LIBRARY = "libc++";
				CLANG_ENABLE_MODULES = YES;
				CLANG_ENABLE_OBJC_ARC = YES;
				CLANG_ENABLE_OBJC_WEAK = YES;
				CLANG_WARN_BLOCK_CAPTURE_AUTORELEASING = YES;
				CLANG_WARN_BOOL_CONVERSION = YES;
				CLANG_WARN_COMMA = YES;
				CLANG_WARN_CONSTANT_CONVERSION = YES;
				CLANG_WARN_DEPRECATED_OBJC_IMPLEMENTATIONS = YES;
				CLANG_WARN_DIRECT_OBJC_ISA_USAGE = YES_ERROR;
				CLANG_WARN_DOCUMENTATION_COMMENTS = YES;
				CLANG_WARN_EMPTY_BODY = YES;
				CLANG_WARN_ENUM_CONVERSION = YES;
				CLANG_WARN_INFINITE_RECURSION = YES;
				CLANG_WARN_INT_CONVERSION = YES;
				CLANG_WARN_NON_LITERAL_NULL_CONVERSION = YES;
				CLANG_WARN_OBJC_IMPLICIT_RETAIN_SELF = YES;
				CLANG_WARN_OBJC_LITERAL_CONVERSION = YES;
				CLANG_WARN_OBJC_ROOT_CLASS = YES_ERROR;
				CLANG_WARN_QUOTED_INCLUDE_IN_FRAMEWORK_HEADER = YES;
				CLANG_WARN_RANGE_LOOP_ANALYSIS = YES;
				CLANG_WARN_STRICT_PROTOTYPES = YES;
				CLANG_WARN_SUSPICIOUS_MOVE = YES;
				CLANG_WARN_UNGUARDED_AVAILABILITY = YES_AGGRESSIVE;
				CLANG_WARN_UNREACHABLE_CODE = YES;
				CLANG_WARN__DUPLICATE_METHOD_MATCH = YES;
				COPY_PHASE_STRIP = NO;
				DEBUG_INFORMATION_FORMAT = "dwarf-with-dsym";
				ENABLE_NS_ASSERTIONS = NO;
				ENABLE_STRICT_OBJC_MSGSEND = YES;
				GCC_C_LANGUAGE_STANDARD = gnu11;
				GCC_NO_COMMON_BLOCKS = YES;
				GCC_WARN_64_TO_32_BIT_CONVERSION = YES;
				GCC_WARN_ABOUT_RETURN_TYPE = YES_ERROR;
				GCC_WARN_UNDECLARED_SELECTOR = YES;
				GCC_WARN_UNINITIALIZED_AUTOS = YES_AGGRESSIVE;
				GCC_WARN_UNUSED_FUNCTION = YES;
				GCC_WARN_UNUSED_VARIABLE = YES;
				IPHONEOS_DEPLOYMENT_TARGET = 14.5;
				MTL_ENABLE_DEBUG_INFO = NO;
				MTL_FAST_MATH = YES;
				SDKROOT = iphoneos;
				SWIFT_COMPILATION_MODE = wholemodule;
				SWIFT_OPTIMIZATION_LEVEL = "-O";
				VALIDATE_PRODUCT = YES;
			};
			name = Release;
		};
		C5DB027B26CA68A500A882AF /* Debug */ = {
			isa = XCBuildConfiguration;
			buildSettings = {
				ASSETCATALOG_COMPILER_APPICON_NAME = AppIcon;
				ASSETCATALOG_COMPILER_GLOBAL_ACCENT_COLOR_NAME = AccentColor;
				CODE_SIGN_STYLE = Automatic;
				DEVELOPMENT_TEAM = DTKBA33P3A;
				INFOPLIST_FILE = "Personal Quiz/Info.plist";
				LD_RUNPATH_SEARCH_PATHS = (
					"$(inherited)",
					"@executable_path/Frameworks",
				);
				PRODUCT_BUNDLE_IDENTIFIER = "DaniilPetrov.Personal-Quiz";
				PRODUCT_NAME = "$(TARGET_NAME)";
				SWIFT_VERSION = 5.0;
				TARGETED_DEVICE_FAMILY = 1;
			};
			name = Debug;
		};
		C5DB027C26CA68A500A882AF /* Release */ = {
			isa = XCBuildConfiguration;
			buildSettings = {
				ASSETCATALOG_COMPILER_APPICON_NAME = AppIcon;
				ASSETCATALOG_COMPILER_GLOBAL_ACCENT_COLOR_NAME = AccentColor;
				CODE_SIGN_STYLE = Automatic;
				DEVELOPMENT_TEAM = DTKBA33P3A;
				INFOPLIST_FILE = "Personal Quiz/Info.plist";
				LD_RUNPATH_SEARCH_PATHS = (
					"$(inherited)",
					"@executable_path/Frameworks",
				);
				PRODUCT_BUNDLE_IDENTIFIER = "DaniilPetrov.Personal-Quiz";
				PRODUCT_NAME = "$(TARGET_NAME)";
				SWIFT_VERSION = 5.0;
				TARGETED_DEVICE_FAMILY = 1;
			};
			name = Release;
		};
/* End XCBuildConfiguration section */

/* Begin XCConfigurationList section */
		C5DB026126CA68A400A882AF /* Build configuration list for PBXProject "Personal Quiz" */ = {
			isa = XCConfigurationList;
			buildConfigurations = (
				C5DB027826CA68A500A882AF /* Debug */,
				C5DB027926CA68A500A882AF /* Release */,
			);
			defaultConfigurationIsVisible = 0;
			defaultConfigurationName = Release;
		};
		C5DB027A26CA68A500A882AF /* Build configuration list for PBXNativeTarget "Personal Quiz" */ = {
			isa = XCConfigurationList;
			buildConfigurations = (
				C5DB027B26CA68A500A882AF /* Debug */,
				C5DB027C26CA68A500A882AF /* Release */,
			);
			defaultConfigurationIsVisible = 0;
			defaultConfigurationName = Release;
		};
/* End XCConfigurationList section */
	};
	rootObject = C5DB025E26CA68A400A882AF /* Project object */;
}
